schema_version: 1
atlas_id: executable-technology-atlas
epoch: "2026-08-28"
generated_at: "2026-08-28T00:00:00Z"
sources:
  - id: reference-atlas-core-v1
    kind: source
    title: reference-atlas-core Canonical Catalog and Schemas
    url: https://github.com/akaitigo/reference-atlas-core
    version: cf9e6e2d981305c83f970c1f21a1ddc9c1109263
    retrieved_at: "2026-08-28"
    digest: sha256:711c671d75547eccebb3ef4a63f8696ef548e5006a50811f69b438fef23a1a5f
    license: Apache-2.0
    redistribution: allowed
  - id: fixture-catalog-release
    kind: registry
    title: Stage 1 Catalog signed fixture release
    url: https://github.com/akaitigo/executable-technology-atlas
    version: epoch-2026-08-28
    retrieved_at: "2026-08-28"
    digest: sha256:7fa58daebbc3fc3c1ce27789e8341f539be37534e9325b052a79d2fc0c1d1441
    license: Apache-2.0
    redistribution: allowed
  - id: frontend-behavior-depth-reference
    kind: source
    title: frontend-behavior FE Depth Reference
    url: https://github.com/akaitigo/frontend-behavior-atlas/blob/4a0b2df8e2091a963bd0e0e1bbccef9c84b49a45/FE_DEPTH_REFERENCE.json
    version: 4a0b2df8e2091a963bd0e0e1bbccef9c84b49a45
    retrieved_at: "2026-08-28"
    digest: sha256:2452696f9807b7d4a8ffb22b3ba37f079a25a34ac2370d78423445b96064582a
    license: Apache-2.0
    redistribution: allowed
  - id: frontend-behavior-authority-review
    kind: source
    title: frontend-behavior Authority Human Review read-only export
    url: https://github.com/akaitigo/frontend-behavior-atlas/blob/6c2cfa41f0390ef23637fbfc8dd614a040f52618/authority/portal/review-export.v1.json
    version: 6c2cfa41f0390ef23637fbfc8dd614a040f52618
    retrieved_at: "2026-08-28"
    digest: sha256:e88a06b067e49117907a8f71bd6d1fe67e2ef17b2282e35ddbd2414dbf6bd5db
    license: Apache-2.0
    redistribution: allowed
  - id: npm-dependency-lock
    kind: runtime-inventory
    title: npm dependency lock
    url: https://github.com/akaitigo/executable-technology-atlas
    version: v1.0.0
    retrieved_at: "2026-08-28"
    digest: sha256:b49c154a8f97ccc56a59a09f9391638ad0821bdeff122ef9621116dedb48bf5b
    license: null
    redistribution: review-required
